// !$*UTF8*$!
{
	archiveVersion = 1;
	classes = {
	};
	objectVersion = 46;
	objects = {

/* Begin PBXBuildFile section */
		488F38D91BD2509700C8814B /* main.m in Sources */ = {isa = PBXBuildFile; fileRef = 488F38D81BD2509700C8814B /* main.m */; };
		488F38DC1BD2509700C8814B /* AppDelegate.m in Sources */ = {isa = PBXBuildFile; fileRef = 488F38DB1BD2509700C8814B /* AppDelegate.m */; };
		488F38E21BD2509700C8814B /* Main.storyboard in Resources */ = {isa = PBXBuildFile; fileRef = 488F38E01BD2509700C8814B /* Main.storyboard */; };
		488F38E41BD2509700C8814B /* Assets.xcassets in Resources */ = {isa = PBXBuildFile; fileRef = 488F38E31BD2509700C8814B /* Assets.xcassets */; };
		488F38E71BD2509700C8814B /* LaunchScreen.storyboard in Resources */ = {isa = PBXBuildFile; fileRef = 488F38E51BD2509700C8814B /* LaunchScreen.storyboard */; };
		48FA75341BD266A30000C964 /* JokesViewController.m in Sources */ = {isa = PBXBuildFile; fileRef = 48FA75331BD266A30000C964 /* JokesViewController.m */; settings = {ASSET_TAGS = (); }; };
		48FA75381BD277450000C964 /* Joke.m in Sources */ = {isa = PBXBuildFile; fileRef = 48FA75371BD277450000C964 /* Joke.m */; settings = {ASSET_TAGS = (); }; };
/* End PBXBuildFile section */

/* Begin PBXFileReference section */
		488F38D41BD2509700C8814B /* AreYouJoking.app */ = {isa = PBXFileReference; explicitFileType = wrapper.application; includeInIndex = 0; path = AreYouJoking.app; sourceTree = BUILT_PRODUCTS_DIR; };
		488F38D81BD2509700C8814B /* main.m */ = {isa = PBXFileReference; lastKnownFileType = sourcecode.c.objc; path = main.m; sourceTree = "<group>"; };
		488F38DA1BD2509700C8814B /* AppDelegate.h */ = {isa = PBXFileReference; lastKnownFileType = sourcecode.c.h; path = AppDelegate.h; sourceTree = "<group>"; };
		488F38DB1BD2509700C8814B /* AppDelegate.m */ = {isa = PBXFileReference; lastKnownFileType = sourcecode.c.objc; path = AppDelegate.m; sourceTree = "<group>"; };
		488F38E11BD2509700C8814B /* Base */ = {isa = PBXFileReference; lastKnownFileType = file.storyboard; name = Base; path = Base.lproj/Main.storyboard; sourceTree = "<group>"; };
		488F38E31BD2509700C8814B /* Assets.xcassets */ = {isa = PBXFileReference; lastKnownFileType = folder.assetcatalog; path = Assets.xcassets; sourceTree = "<group>"; };
		488F38E61BD2509700C8814B /* Base */ = {isa = PBXFileReference; lastKnownFileType = file.storyboard; name = Base; path = Base.lproj/LaunchScreen.storyboard; sourceTree = "<group>"; };
		488F38E81BD2509700C8814B /* Info.plist */ = {isa = PBXFileReference; lastKnownFileType = text.plist.xml; path = Info.plist; sourceTree = "<group>"; };
		48FA75321BD266A30000C964 /* JokesViewController.h */ = {isa = PBXFileReference; fileEncoding = 4; lastKnownFileType = sourcecode.c.h; path = JokesViewController.h; sourceTree = "<group>"; };
		48FA75331BD266A30000C964 /* JokesViewController.m */ = {isa = PBXFileReference; fileEncoding = 4; lastKnownFileType = sourcecode.c.objc; path = JokesViewController.m; sourceTree = "<group>"; };
		48FA75361BD277450000C964 /* Joke.h */ = {isa = PBXFileReference; fileEncoding = 4; lastKnownFileType = sourcecode.c.h; path = Joke.h; sourceTree = "<group>"; };
		48FA75371BD277450000C964 /* Joke.m */ = {isa = PBXFileReference; fileEncoding = 4; lastKnownFileType = sourcecode.c.objc; path = Joke.m; sourceTree = "<group>"; };
/* End PBXFileReference section */

/* Begin PBXFrameworksBuildPhase section */
		488F38D11BD2509700C8814B /* Frameworks */ = {
			isa = PBXFrameworksBuildPhase;
			buildActionMask = 2147483647;
			files = (
			);
			runOnlyForDeploymentPostprocessing = 0;
		};
/* End PBXFrameworksBuildPhase section */

/* Begin PBXGroup section */
		488F38CB1BD2509700C8814B = {
			isa = PBXGroup;
			children = (
				488F38D61BD2509700C8814B /* AreYouJoking */,
				488F38D51BD2509700C8814B /* Products */,
			);
			sourceTree = "<group>";
		};
		488F38D51BD2509700C8814B /* Products */ = {
			isa = PBXGroup;
			children = (
				488F38D41BD2509700C8814B /* AreYouJoking.app */,
			);
			name = Products;
			sourceTree = "<group>";
		};
		488F38D61BD2509700C8814B /* AreYouJoking */ = {
			isa = PBXGroup;
			children = (
				48FA75351BD266AE0000C964 /* View controller */,
				48FA75391BD277510000C964 /* Model */,
				488F38DA1BD2509700C8814B /* AppDelegate.h */,
				488F38DB1BD2509700C8814B /* AppDelegate.m */,
				488F38E01BD2509700C8814B /* Main.storyboard */,
				488F38E31BD2509700C8814B /* Assets.xcassets */,
				488F38E51BD2509700C8814B /* LaunchScreen.storyboard */,
				488F38E81BD2509700C8814B /* Info.plist */,
				488F38D71BD2509700C8814B /* Supporting Files */,
			);
			path = AreYouJoking;
			sourceTree = "<group>";
		};
		488F38D71BD2509700C8814B /* Supporting Files */ = {
			isa = PBXGroup;
			children = (
				488F38D81BD2509700C8814B /* main.m */,
			);
			name = "Supporting Files";
			sourceTree = "<group>";
		};
		48FA75351BD266AE0000C964 /* View controller */ = {
			isa = PBXGroup;
			children = (
				48FA75321BD266A30000C964 /* JokesViewController.h */,
				48FA75331BD266A30000C964 /* JokesViewController.m */,
			);
			name = "View controller";
			sourceTree = "<group>";
		};
		48FA75391BD277510000C964 /* Model */ = {
			isa = PBXGroup;
			children = (
				48FA75361BD277450000C964 /* Joke.h */,
				48FA75371BD277450000C964 /* Joke.m */,
			);
			name = Model;
			sourceTree = "<group>";
		};
/* End PBXGroup section */

/* Begin PBXNativeTarget section */
		488F38D31BD2509700C8814B /* AreYouJoking */ = {
			isa = PBXNativeTarget;
			buildConfigurationList = 488F38EB1BD2509700C8814B /* Build configuration list for PBXNativeTarget "AreYouJoking" */;
			buildPhases = (
				488F38D01BD2509700C8814B /* Sources */,
				488F38D11BD2509700C8814B /* Frameworks */,
				488F38D21BD2509700C8814B /* Resources */,
			);
			buildRules = (
			);
			dependencies = (
			);
			name = AreYouJoking;
			productName = AreYouJoking;
			productReference = 488F38D41BD2509700C8814B /* AreYouJoking.app */;
			productType = "com.apple.product-type.application";
		};
/* End PBXNativeTarget section */

/* Begin PBXProject section */
		488F38CC1BD2509700C8814B /* Project object */ = {
			isa = PBXProject;
			attributes = {
				LastUpgradeCheck = 0700;
				ORGANIZATIONNAME = "YMK Soft";
				TargetAttributes = {
					488F38D31BD2509700C8814B = {
						CreatedOnToolsVersion = 7.0.1;
					};
				};
			};
			buildConfigurationList = 488F38CF1BD2509700C8814B /* Build configuration list for PBXProject "AreYouJoking" */;
			compatibilityVersion = "Xcode 3.2";
			developmentRegion = English;
			hasScannedForEncodings = 0;
			knownRegions = (
				en,
				Base,
			);
			mainGroup = 488F38CB1BD2509700C8814B;
			productRefGroup = 488F38D51BD2509700C8814B /* Products */;
			projectDirPath = "";
			projectRoot = "";
			targets = (
				488F38D31BD2509700C8814B /* AreYouJoking */,
			);
		};
/* End PBXProject section */

/* Begin PBXResourcesBuildPhase section */
		488F38D21BD2509700C8814B /* Resources */ = {
			isa = PBXResourcesBuildPhase;
			buildActionMask = 2147483647;
			files = (
				488F38E71BD2509700C8814B /* LaunchScreen.storyboard in Resources */,
				488F38E41BD2509700C8814B /* Assets.xcassets in Resources */,
				488F38E21BD2509700C8814B /* Main.storyboard in Resources */,
			);
			runOnlyForDeploymentPostprocessing = 0;
		};
/* End PBXResourcesBuildPhase section */

/* Begin PBXSourcesBuildPhase section */
		488F38D01BD2509700C8814B /* Sources */ = {
			isa = PBXSourcesBuildPhase;
			buildActionMask = 2147483647;
			files = (
				488F38DC1BD2509700C8814B /* AppDelegate.m in Sources */,
				488F38D91BD2509700C8814B /* main.m in Sources */,
				48FA75381BD277450000C964 /* Joke.m in Sources */,
				48FA75341BD266A30000C964 /* JokesViewController.m in Sources */,
			);
			runOnlyForDeploymentPostprocessing = 0;
		};
/* End PBXSourcesBuildPhase section */

/* Begin PBXVariantGroup section */
		488F38E01BD2509700C8814B /* Main.storyboard */ = {
			isa = PBXVariantGroup;
			children = (
				488F38E11BD2509700C8814B /* Base */,
			);
			name = Main.storyboard;
			sourceTree = "<group>";
		};
		488F38E51BD2509700C8814B /* LaunchScreen.storyboard */ = {
			isa = PBXVariantGroup;
			children = (
				488F38E61BD2509700C8814B /* Base */,
			);
			name = LaunchScreen.storyboard;
			sourceTree = "<group>";
		};
/* End PBXVariantGroup section */

/* Begin XCBuildConfiguration section */
		488F38E91BD2509700C8814B /* Debug */ = {
			isa = XCBuildConfiguration;
			buildSettings = {
				ALWAYS_SEARCH_USER_PATHS = NO;
				CLANG_CXX_LANGUAGE_STANDARD = "gnu++0x";
				CLANG_CXX_LIBRARY = "libc++";
				CLANG_ENABLE_MODULES = YES;
				CLANG_ENABLE_OBJC_ARC = YES;
				CLANG_WARN_BOOL_CONVERSION = YES;
				CLANG_WARN_CONSTANT_CONVERSION = YES;
				CLANG_WARN_DIRECT_OBJC_ISA_USAGE = YES_ERROR;
				CLANG_WARN_EMPTY_BODY = YES;
				CLANG_WARN_ENUM_CONVERSION = YES;
				CLANG_WARN_INT_CONVERSION = YES;
				CLANG_WARN_OBJC_ROOT_CLASS = YES_ERROR;
				CLANG_WARN_UNREACHABLE_CODE = YES;
				CLANG_WARN__DUPLICATE_METHOD_MATCH = YES;
				"CODE_SIGN_IDENTITY[sdk=iphoneos*]" = "iPhone Developer";
				COPY_PHASE_STRIP = NO;
				DEBUG_INFORMATION_FORMAT = dwarf;
				ENABLE_STRICT_OBJC_MSGSEND = YES;
				ENABLE_TESTABILITY = YES;
				GCC_C_LANGUAGE_STANDARD = gnu99;
				GCC_DYNAMIC_NO_PIC = NO;
				GCC_NO_COMMON_BLOCKS = YES;
				GCC_OPTIMIZATION_LEVEL = 0;
				GCC_PREPROCESSOR_DEFINITIONS = (
					"DEBUG=1",
					"$(inherited)",
				);
				GCC_WARN_64_TO_32_BIT_CONVERSION = YES;
				GCC_WARN_ABOUT_RETURN_TYPE = YES_ERROR;
				GCC_WARN_UNDECLARED_SELECTOR = YES;
				GCC_WARN_UNINITIALIZED_AUTOS = YES_AGGRESSIVE;
				GCC_WARN_UNUSED_FUNCTION = YES;
				GCC_WARN_UNUSED_VARIABLE = YES;
				IPHONEOS_DEPLOYMENT_TARGET = 9.0;
				MTL_ENABLE_DEBUG_INFO = YES;
				ONLY_ACTIVE_ARCH = YES;
				SDKROOT = iphoneos;
			};
			name = Debug;
		};
		488F38EA1BD2509700C8814B /* Release */ = {
			isa = XCBuildConfiguration;
			buildSettings = {
				ALWAYS_SEARCH_USER_PATHS = NO;
				CLANG_CXX_LANGUAGE_STANDARD = "gnu++0x";
				CLANG_CXX_LIBRARY = "libc++";
				CLANG_ENABLE_MODULES = YES;
				CLANG_ENABLE_OBJC_ARC = YES;
				CLANG_WARN_BOOL_CONVERSION = YES;
				CLANG_WARN_CONSTANT_CONVERSION = YES;
				CLANG_WARN_DIRECT_OBJC_ISA_USAGE = YES_ERROR;
				CLANG_WARN_EMPTY_BODY = YES;
				CLANG_WARN_ENUM_CONVERSION = YES;
				CLANG_WARN_INT_CONVERSION = YES;
				CLANG_WARN_OBJC_ROOT_CLASS = YES_ERROR;
				CLANG_WARN_UNREACHABLE_CODE = YES;
				CLANG_WARN__DUPLICATE_METHOD_MATCH = YES;
				"CODE_SIGN_IDENTITY[sdk=iphoneos*]" = "iPhone Developer";
				COPY_PHASE_STRIP = NO;
				DEBUG_INFORMATION_FORMAT = "dwarf-with-dsym";
				ENABLE_NS_ASSERTIONS = NO;
				ENABLE_STRICT_OBJC_MSGSEND = YES;
				GCC_C_LANGUAGE_STANDARD = gnu99;
				GCC_NO_COMMON_BLOCKS = YES;
				GCC_WARN_64_TO_32_BIT_CONVERSION = YES;
				GCC_WARN_ABOUT_RETURN_TYPE = YES_ERROR;
				GCC_WARN_UNDECLARED_SELECTOR = YES;
				GCC_WARN_UNINITIALIZED_AUTOS = YES_AGGRESSIVE;
				GCC_WARN_UNUSED_FUNCTION = YES;
				GCC_WARN_UNUSED_VARIABLE = YES;
				IPHONEOS_DEPLOYMENT_TARGET = 9.0;
				MTL_ENABLE_DEBUG_INFO = NO;
				SDKROOT = iphoneos;
				VALIDATE_PRODUCT = YES;
			};
			name = Release;
		};
		488F38EC1BD2509700C8814B /* Debug */ = {
			isa = XCBuildConfiguration;
			buildSettings = {
				ASSETCATALOG_COMPILER_APPICON_NAME = AppIcon;
				INFOPLIST_FILE = AreYouJoking/Info.plist;
				LD_RUNPATH_SEARCH_PATHS = "$(inherited) @executable_path/Frameworks";
				PRODUCT_BUNDLE_IDENTIFIER = com.ymk.AreYouJoking;
				PRODUCT_NAME = "$(TARGET_NAME)";
			};
			name = Debug;
		};
		488F38ED1BD2509700C8814B /* Release */ = {
			isa = XCBuildConfiguration;
			buildSettings = {
				ASSETCATALOG_COMPILER_APPICON_NAME = AppIcon;
				INFOPLIST_FILE = AreYouJoking/Info.plist;
				LD_RUNPATH_SEARCH_PATHS = "$(inherited) @executable_path/Frameworks";
				PRODUCT_BUNDLE_IDENTIFIER = com.ymk.AreYouJoking;
				PRODUCT_NAME = "$(TARGET_NAME)";
			};
			name = Release;
		};
/* End XCBuildConfiguration section */

/* Begin XCConfigurationList section */
		488F38CF1BD2509700C8814B /* Build configuration list for PBXProject "AreYouJoking" */ = {
			isa = XCConfigurationList;
			buildConfigurations = (
				488F38E91BD2509700C8814B /* Debug */,
				488F38EA1BD2509700C8814B /* Release */,
			);
			defaultConfigurationIsVisible = 0;
			defaultConfigurationName = Release;
		};
		488F38EB1BD2509700C8814B /* Build configuration list for PBXNativeTarget "AreYouJoking" */ = {
			isa = XCConfigurationList;
			buildConfigurations = (
				488F38EC1BD2509700C8814B /* Debug */,
				488F38ED1BD2509700C8814B /* Release */,
			);
			defaultConfigurationIsVisible = 0;
			defaultConfigurationName = Release;
		};
/* End XCConfigurationList section */
	};
	rootObject = 488F38CC1BD2509700C8814B /* Project object */;
}
